
Microsoft Visual Studio Solution File, Format Version 12.00
# Visual Studio Version 16
VisualStudioVersion = 16.0.35731.53
MinimumVisualStudioVersion = 10.0.40219.1
Project("{FAE04EC0-301F-11D3-BF4B-00C04F79EFBC}") = "XadrezConsole", "XadrezConsole\XadrezConsole.csproj", "{C2DD635D-C4EF-4BA9-BA72-93265D2FBE8A}"
EndProject
Global
	GlobalSection(SolutionConfigurationPlatforms) = preSolution
		Debug|Any CPU = Debug|Any CPU
		Release|Any CPU = Release|Any CPU
	EndGlobalSection
	GlobalSection(ProjectConfigurationPlatforms) = postSolution
		{C2DD635D-C4EF-4BA9-BA72-93265D2FBE8A}.Debug|Any CPU.ActiveCfg = Debug|Any CPU
		{C2DD635D-C4EF-4BA9-BA72-93265D2FBE8A}.Debug|Any CPU.Build.0 = Debug|Any CPU
		{C2DD635D-C4EF-4BA9-BA72-93265D2FBE8A}.Release|Any CPU.ActiveCfg = Release|Any CPU
		{C2DD635D-C4EF-4BA9-BA72-93265D2FBE8A}.Release|Any CPU.Build.0 = Release|Any CPU
	EndGlobalSection
	GlobalSection(SolutionProperties) = preSolution
		HideSolutionNode = FALSE
	EndGlobalSection
	GlobalSection(ExtensibilityGlobals) = postSolution
		SolutionGuid = {3465B3F3-5CAA-4951-A059-321ABC4F602C}
	EndGlobalSection
EndGlobal
